
Microsoft Visual Studio Solution File, Format Version 12.00
# Visual Studio Version 17
VisualStudioVersion = 17.2.32616.157
MinimumVisualStudioVersion = 10.0.40219.1
Project("{9A19103F-16F7-4668-BE54-9A1E7A4F7556}") = "TsLabMegaTulzer", "TsLabMegaTulzer.csproj", "{FA12B614-6907-4B81-9B56-3219C075BA0E}"
EndProject
Global
	GlobalSection(SolutionConfigurationPlatforms) = preSolution
		Debug|Any CPU = Debug|Any CPU
		Release|Any CPU = Release|Any CPU
	EndGlobalSection
	GlobalSection(ProjectConfigurationPlatforms) = postSolution
		{FA12B614-6907-4B81-9B56-3219C075BA0E}.Debug|Any CPU.ActiveCfg = Debug|Any CPU
		{FA12B614-6907-4B81-9B56-3219C075BA0E}.Debug|Any CPU.Build.0 = Debug|Any CPU
		{FA12B614-6907-4B81-9B56-3219C075BA0E}.Release|Any CPU.ActiveCfg = Release|Any CPU
		{FA12B614-6907-4B81-9B56-3219C075BA0E}.Release|Any CPU.Build.0 = Release|Any CPU
	EndGlobalSection
	GlobalSection(SolutionProperties) = preSolution
		HideSolutionNode = FALSE
	EndGlobalSection
	GlobalSection(ExtensibilityGlobals) = postSolution
		SolutionGuid = {53118521-D4E6-473E-BE3B-6312C22C587C}
	EndGlobalSection
EndGlobal
